{
    "_readme": [
        "This file locks the dependencies of your project to a known state",
        "Read more about it at https://getcomposer.org/doc/01-basic-usage.md#installing-dependencies",
        "This file is @generated automatically"
    ],
    "content-hash": "0ff9817552b3645cb39ee6bae0263c96",
    "packages": [
        {
            "name": "clue/graph",
            "version": "v0.9.3",
            "source": {
                "type": "git",
                "url": "https://github.com/graphp/graph.git",
                "reference": "d1661c0a0e011a8550fa60ae5354f230d1555909"
            },
            "dist": {
                "type": "zip",
                "url": "https://api.github.com/repos/graphp/graph/zipball/d1661c0a0e011a8550fa60ae5354f230d1555909",
                "reference": "d1661c0a0e011a8550fa60ae5354f230d1555909",
                "shasum": ""
            },
            "require": {
                "php": ">=5.3"
            },
            "require-dev": {
                "phpunit/phpunit": "^9.3 || ^5.7 || ^4.8.35"
            },
            "suggest": {
                "graphp/algorithms": "Common graph algorithms, such as Dijkstra and Moore-Bellman-Ford (shortest path), minimum spanning tree (MST), Kruskal, Prim and many more..",
                "graphp/graphviz": "GraphViz graph drawing / DOT output"
            },
            "type": "library",
            "autoload": {
                "psr-4": {
                    "Fhaculty\\Graph\\": "src/"
                }
            },
            "notification-url": "https://packagist.org/downloads/",
            "license": [
                "MIT"
            ],
            "authors": [
                {
                    "name": "Christian Lück",
                    "email": "christian@clue.engineering"
                }
            ],
            "description": "GraPHP is the mathematical graph/network library written in PHP.",
            "homepage": "https://github.com/graphp/graph",
            "keywords": [
                "edge",
                "graph",
                "mathematical",
                "network",
                "vertex"
            ],
            "support": {
                "issues": "https://github.com/graphp/graph/issues",
                "source": "https://github.com/graphp/graph/tree/v0.9.3"
            },
            "funding": [
                {
                    "url": "https://clue.engineering/support",
                    "type": "custom"
                },
                {
                    "url": "https://github.com/clue",
                    "type": "github"
                }
            ],
            "time": "2021-12-30T09:22:01+00:00"
        },
        {
            "name": "farafiri/php-parsing-tool",
            "version": "v2.0.0",
            "source": {
                "type": "git",
                "url": "https://github.com/farafiri/PHP-parsing-tool.git",
                "reference": "23c2ab4bdd2d97500258e7b9ae6880c745525a6f"
            },
            "dist": {
                "type": "zip",
                "url": "https://api.github.com/repos/farafiri/PHP-parsing-tool/zipball/23c2ab4bdd2d97500258e7b9ae6880c745525a6f",
                "reference": "23c2ab4bdd2d97500258e7b9ae6880c745525a6f",
                "shasum": ""
            },
            "require": {
                "php": ">=7.0"
            },
            "require-dev": {
                "phpunit/phpunit": "^6.5"
            },
            "type": "library",
            "autoload": {
                "psr-4": {
                    "ParserGenerator\\": "src/",
                    "ParserGenerator\\tests\\": "tests/"
                }
            },
            "notification-url": "https://packagist.org/downloads/",
            "license": [
                "MIT"
            ],
            "authors": [
                {
                    "name": "farafiri"
                }
            ],
            "description": "library for parsing",
            "support": {
                "issues": "https://github.com/farafiri/PHP-parsing-tool/issues",
                "source": "https://github.com/farafiri/PHP-parsing-tool/tree/master"
            },
            "time": "2017-12-28T00:13:09+00:00"
        }
    ],
    "packages-dev": [],
    "aliases": [],
    "minimum-stability": "stable",
    "stability-flags": [],
    "prefer-stable": false,
    "prefer-lowest": false,
    "platform": {
        "php": ">=7.3"
    },
    "platform-dev": [],
    "plugin-api-version": "2.6.0"
}
